// !$*UTF8*$!
{
	archiveVersion = 1;
	classes = {
	};
	objectVersion = 56;
	objects = {

/* Begin PBXBuildFile section */
		40CA63502AC1DC7C00B8B4DA /* OnboardingViewController.swift in Sources */ = {isa = PBXBuildFile; fileRef = 40CA63482AC1C45C00B8B4DA /* OnboardingViewController.swift */; };
		40CA63582AC1E9CF00B8B4DA /* NavigationBar.swift in Sources */ = {isa = PBXBuildFile; fileRef = 40CA63462AC1A93300B8B4DA /* NavigationBar.swift */; };
		40CA63592AC1E9D300B8B4DA /* UIScrollView.swift in Sources */ = {isa = PBXBuildFile; fileRef = 40CA63422AC195E200B8B4DA /* UIScrollView.swift */; };
		40CA635A2AC1E9D500B8B4DA /* UIImageView.swift in Sources */ = {isa = PBXBuildFile; fileRef = 40CA634E2AC1CFE500B8B4DA /* UIImageView.swift */; };
		40CA635B2AC1E9D700B8B4DA /* UILabel.swift in Sources */ = {isa = PBXBuildFile; fileRef = 40CA633E2AC18AA300B8B4DA /* UILabel.swift */; };
		40CA635C2AC1E9D900B8B4DA /* UIButton.swift in Sources */ = {isa = PBXBuildFile; fileRef = 40CA63402AC1944F00B8B4DA /* UIButton.swift */; };
		40CA635D2AC1E9DB00B8B4DA /* addSubviews.swift in Sources */ = {isa = PBXBuildFile; fileRef = 40CA63442AC19FA800B8B4DA /* addSubviews.swift */; };
		40CA63652AC1F92800B8B4DA /* CreateAccountViewController.swift in Sources */ = {isa = PBXBuildFile; fileRef = 40CA63642AC1F92800B8B4DA /* CreateAccountViewController.swift */; };
		40CA63682AC1F97100B8B4DA /* CreateAccountTextField.swift in Sources */ = {isa = PBXBuildFile; fileRef = 40CA63672AC1F97100B8B4DA /* CreateAccountTextField.swift */; };
		CA4E26B62AC0AB77000480D3 /* AppDelegate.swift in Sources */ = {isa = PBXBuildFile; fileRef = CA4E26B52AC0AB77000480D3 /* AppDelegate.swift */; };
		CA4E26BA2AC0AB77000480D3 /* LoginViewController.swift in Sources */ = {isa = PBXBuildFile; fileRef = CA4E26B92AC0AB77000480D3 /* LoginViewController.swift */; };
		CA4E26BF2AC0AB78000480D3 /* Assets.xcassets in Resources */ = {isa = PBXBuildFile; fileRef = CA4E26BE2AC0AB78000480D3 /* Assets.xcassets */; };
		CA4E26C22AC0AB78000480D3 /* LaunchScreen.storyboard in Resources */ = {isa = PBXBuildFile; fileRef = CA4E26C02AC0AB78000480D3 /* LaunchScreen.storyboard */; };
		CA78AF002AC0CD2A00699F55 /* Button.swift in Sources */ = {isa = PBXBuildFile; fileRef = CA78AEFF2AC0CD2A00699F55 /* Button.swift */; };
		CA78AF022AC0DE2300699F55 /* StackView.swift in Sources */ = {isa = PBXBuildFile; fileRef = CA78AF012AC0DE2300699F55 /* StackView.swift */; };
		CA78AF052AC0E29000699F55 /* UIStackView+addSubview.swift in Sources */ = {isa = PBXBuildFile; fileRef = CA78AF042AC0E29000699F55 /* UIStackView+addSubview.swift */; };
		CA8DA31C2AC0BB630026C4EB /* TextField.swift in Sources */ = {isa = PBXBuildFile; fileRef = CA8DA31B2AC0BB630026C4EB /* TextField.swift */; };
		CA8DA31E2AC0BD2E0026C4EB /* Label.swift in Sources */ = {isa = PBXBuildFile; fileRef = CA8DA31D2AC0BD2E0026C4EB /* Label.swift */; };
/* End PBXBuildFile section */

/* Begin PBXFileReference section */
		400A3FA52AC0BD920086F644 /* SignUpViewController.swift */ = {isa = PBXFileReference; lastKnownFileType = sourcecode.swift; path = SignUpViewController.swift; sourceTree = "<group>"; };
		40CA633E2AC18AA300B8B4DA /* UILabel.swift */ = {isa = PBXFileReference; lastKnownFileType = sourcecode.swift; path = UILabel.swift; sourceTree = "<group>"; };
		40CA63402AC1944F00B8B4DA /* UIButton.swift */ = {isa = PBXFileReference; lastKnownFileType = sourcecode.swift; path = UIButton.swift; sourceTree = "<group>"; };
		40CA63422AC195E200B8B4DA /* UIScrollView.swift */ = {isa = PBXFileReference; lastKnownFileType = sourcecode.swift; path = UIScrollView.swift; sourceTree = "<group>"; };
		40CA63442AC19FA800B8B4DA /* addSubviews.swift */ = {isa = PBXFileReference; lastKnownFileType = sourcecode.swift; path = addSubviews.swift; sourceTree = "<group>"; };
		40CA63462AC1A93300B8B4DA /* NavigationBar.swift */ = {isa = PBXFileReference; lastKnownFileType = sourcecode.swift; path = NavigationBar.swift; sourceTree = "<group>"; };
		40CA63482AC1C45C00B8B4DA /* OnboardingViewController.swift */ = {isa = PBXFileReference; lastKnownFileType = sourcecode.swift; path = OnboardingViewController.swift; sourceTree = "<group>"; };
		40CA634E2AC1CFE500B8B4DA /* UIImageView.swift */ = {isa = PBXFileReference; lastKnownFileType = sourcecode.swift; path = UIImageView.swift; sourceTree = "<group>"; };
		40CA63602AC1F7DE00B8B4DA /* Music.app */ = {isa = PBXFileReference; explicitFileType = wrapper.application; includeInIndex = 0; name = Music.app; path = "/Users/fullzoom/Desktop/Education/Projects/Music/Music/build/Debug-iphoneos/Music.app"; sourceTree = "<absolute>"; };
		40CA63642AC1F92800B8B4DA /* CreateAccountViewController.swift */ = {isa = PBXFileReference; lastKnownFileType = sourcecode.swift; path = CreateAccountViewController.swift; sourceTree = "<group>"; };
		40CA63672AC1F97100B8B4DA /* CreateAccountTextField.swift */ = {isa = PBXFileReference; lastKnownFileType = sourcecode.swift; path = CreateAccountTextField.swift; sourceTree = "<group>"; };
		CA4E26B52AC0AB77000480D3 /* AppDelegate.swift */ = {isa = PBXFileReference; lastKnownFileType = sourcecode.swift; path = AppDelegate.swift; sourceTree = "<group>"; };
		CA4E26B92AC0AB77000480D3 /* LoginViewController.swift */ = {isa = PBXFileReference; lastKnownFileType = sourcecode.swift; path = LoginViewController.swift; sourceTree = "<group>"; };
		CA4E26BE2AC0AB78000480D3 /* Assets.xcassets */ = {isa = PBXFileReference; lastKnownFileType = folder.assetcatalog; path = Assets.xcassets; sourceTree = "<group>"; };
		CA4E26C12AC0AB78000480D3 /* Base */ = {isa = PBXFileReference; lastKnownFileType = file.storyboard; name = Base; path = Base.lproj/LaunchScreen.storyboard; sourceTree = "<group>"; };
		CA4E26C32AC0AB78000480D3 /* Info.plist */ = {isa = PBXFileReference; lastKnownFileType = text.plist.xml; path = Info.plist; sourceTree = "<group>"; };
		CA78AEFF2AC0CD2A00699F55 /* Button.swift */ = {isa = PBXFileReference; lastKnownFileType = sourcecode.swift; path = Button.swift; sourceTree = "<group>"; };
		CA78AF012AC0DE2300699F55 /* StackView.swift */ = {isa = PBXFileReference; lastKnownFileType = sourcecode.swift; path = StackView.swift; sourceTree = "<group>"; };
		CA78AF042AC0E29000699F55 /* UIStackView+addSubview.swift */ = {isa = PBXFileReference; lastKnownFileType = sourcecode.swift; path = "UIStackView+addSubview.swift"; sourceTree = "<group>"; };
		CA8DA31B2AC0BB630026C4EB /* TextField.swift */ = {isa = PBXFileReference; lastKnownFileType = sourcecode.swift; path = TextField.swift; sourceTree = "<group>"; };
		CA8DA31D2AC0BD2E0026C4EB /* Label.swift */ = {isa = PBXFileReference; lastKnownFileType = sourcecode.swift; path = Label.swift; sourceTree = "<group>"; };
/* End PBXFileReference section */

/* Begin PBXFrameworksBuildPhase section */
		CA4E26AF2AC0AB77000480D3 /* Frameworks */ = {
			isa = PBXFrameworksBuildPhase;
			buildActionMask = 2147483647;
			files = (
			);
			runOnlyForDeploymentPostprocessing = 0;
		};
/* End PBXFrameworksBuildPhase section */

/* Begin PBXGroup section */
		400A3FA02AC0BCDA0086F644 /* SignUp */ = {
			isa = PBXGroup;
			children = (
				400A3FA12AC0BCF80086F644 /* Model */,
				400A3FA22AC0BD020086F644 /* View */,
				400A3FA32AC0BD080086F644 /* ViewModel */,
				400A3FA42AC0BD100086F644 /* Controller */,
			);
			path = SignUp;
			sourceTree = "<group>";
		};
		400A3FA12AC0BCF80086F644 /* Model */ = {
			isa = PBXGroup;
			children = (
			);
			path = Model;
			sourceTree = "<group>";
		};
		400A3FA22AC0BD020086F644 /* View */ = {
			isa = PBXGroup;
			children = (
			);
			path = View;
			sourceTree = "<group>";
		};
		400A3FA32AC0BD080086F644 /* ViewModel */ = {
			isa = PBXGroup;
			children = (
			);
			path = ViewModel;
			sourceTree = "<group>";
		};
		400A3FA42AC0BD100086F644 /* Controller */ = {
			isa = PBXGroup;
			children = (
				400A3FA52AC0BD920086F644 /* SignUpViewController.swift */,
			);
			path = Controller;
			sourceTree = "<group>";
		};
		400A3FA82AC0BDE40086F644 /* Onboarding */ = {
			isa = PBXGroup;
			children = (
				400A3FA92AC0BE100086F644 /* Controller */,
			);
			path = Onboarding;
			sourceTree = "<group>";
		};
		400A3FA92AC0BE100086F644 /* Controller */ = {
			isa = PBXGroup;
			children = (
				40CA63482AC1C45C00B8B4DA /* OnboardingViewController.swift */,
			);
			path = Controller;
			sourceTree = "<group>";
		};
		40CA633D2AC18A0700B8B4DA /* UIBuilder */ = {
			isa = PBXGroup;
			children = (
				40CA63462AC1A93300B8B4DA /* NavigationBar.swift */,
				CA78AF042AC0E29000699F55 /* UIStackView+addSubview.swift */,
				40CA63422AC195E200B8B4DA /* UIScrollView.swift */,
				40CA634E2AC1CFE500B8B4DA /* UIImageView.swift */,
				40CA633E2AC18AA300B8B4DA /* UILabel.swift */,
				40CA63402AC1944F00B8B4DA /* UIButton.swift */,
				40CA63442AC19FA800B8B4DA /* addSubviews.swift */,
			);
			path = UIBuilder;
			sourceTree = "<group>";
		};
		40CA63622AC1F82F00B8B4DA /* CreateAccount */ = {
			isa = PBXGroup;
			children = (
				40CA63662AC1F95900B8B4DA /* View */,
				40CA63632AC1F90C00B8B4DA /* Controller */,
			);
			path = CreateAccount;
			sourceTree = "<group>";
		};
		40CA63632AC1F90C00B8B4DA /* Controller */ = {
			isa = PBXGroup;
			children = (
				40CA63642AC1F92800B8B4DA /* CreateAccountViewController.swift */,
			);
			path = Controller;
			sourceTree = "<group>";
		};
		40CA63662AC1F95900B8B4DA /* View */ = {
			isa = PBXGroup;
			children = (
				40CA63672AC1F97100B8B4DA /* CreateAccountTextField.swift */,
			);
			path = View;
			sourceTree = "<group>";
		};
		CA4E26A92AC0AB77000480D3 = {
			isa = PBXGroup;
			children = (
				CA4E26B42AC0AB77000480D3 /* Music */,
			);
			sourceTree = "<group>";
		};
		CA4E26B42AC0AB77000480D3 /* Music */ = {
			isa = PBXGroup;
			children = (
				CA4E26CA2AC0AC60000480D3 /* Application */,
				CA4E26CC2AC0AC82000480D3 /* Modules */,
				40CA633D2AC18A0700B8B4DA /* UIBuilder */,
				CA4E26C92AC0AC1E000480D3 /* Resources */,
			);
			path = Music;
			sourceTree = "<group>";
		};
		CA4E26C92AC0AC1E000480D3 /* Resources */ = {
			isa = PBXGroup;
			children = (
				CA4E26BE2AC0AB78000480D3 /* Assets.xcassets */,
				CA4E26C02AC0AB78000480D3 /* LaunchScreen.storyboard */,
				CA4E26C32AC0AB78000480D3 /* Info.plist */,
			);
			path = Resources;
			sourceTree = "<group>";
		};
		CA4E26CA2AC0AC60000480D3 /* Application */ = {
			isa = PBXGroup;
			children = (
				CA4E26B52AC0AB77000480D3 /* AppDelegate.swift */,
			);
			path = Application;
			sourceTree = "<group>";
		};
		CA4E26CB2AC0AC76000480D3 /* Controllers */ = {
			isa = PBXGroup;
			children = (
				CA4E26B92AC0AB77000480D3 /* LoginViewController.swift */,
			);
			path = Controllers;
			sourceTree = "<group>";
		};
		CA4E26CC2AC0AC82000480D3 /* Modules */ = {
			isa = PBXGroup;
			children = (
				400A3FA82AC0BDE40086F644 /* Onboarding */,
				CA4E26CD2AC0AC92000480D3 /* Login */,
				40CA63622AC1F82F00B8B4DA /* CreateAccount */,
				400A3FA02AC0BCDA0086F644 /* SignUp */,
			);
			path = Modules;
			sourceTree = "<group>";
		};
		CA4E26CD2AC0AC92000480D3 /* Login */ = {
			isa = PBXGroup;
			children = (
				CA4E26CE2AC0AC9A000480D3 /* Models */,
				CA4E26CF2AC0ACAE000480D3 /* Views */,
				CA4E26D02AC0ACD6000480D3 /* ViewModels */,
				CA4E26CB2AC0AC76000480D3 /* Controllers */,
			);
			path = Login;
			sourceTree = "<group>";
		};
		CA4E26CE2AC0AC9A000480D3 /* Models */ = {
			isa = PBXGroup;
			children = (
			);
			path = Models;
			sourceTree = "<group>";
		};
		CA4E26CF2AC0ACAE000480D3 /* Views */ = {
			isa = PBXGroup;
			children = (
				CA8DA31B2AC0BB630026C4EB /* TextField.swift */,
				CA78AF012AC0DE2300699F55 /* StackView.swift */,
				CA78AEFF2AC0CD2A00699F55 /* Button.swift */,
				CA8DA31D2AC0BD2E0026C4EB /* Label.swift */,
			);
			path = Views;
			sourceTree = "<group>";
		};
		CA4E26D02AC0ACD6000480D3 /* ViewModels */ = {
			isa = PBXGroup;
			children = (
			);
			path = ViewModels;
			sourceTree = "<group>";
		};
/* End PBXGroup section */

/* Begin PBXNativeTarget section */
		CA4E26B12AC0AB77000480D3 /* Music */ = {
			isa = PBXNativeTarget;
			buildConfigurationList = CA4E26C62AC0AB78000480D3 /* Build configuration list for PBXNativeTarget "Music" */;
			buildPhases = (
				CA4E26AE2AC0AB77000480D3 /* Sources */,
				CA4E26AF2AC0AB77000480D3 /* Frameworks */,
				CA4E26B02AC0AB77000480D3 /* Resources */,
			);
			buildRules = (
			);
			dependencies = (
			);
			name = Music;
			productName = Music;
			productReference = 40CA63602AC1F7DE00B8B4DA /* Music.app */;
			productType = "com.apple.product-type.application";
		};
/* End PBXNativeTarget section */

/* Begin PBXProject section */
		CA4E26AA2AC0AB77000480D3 /* Project object */ = {
			isa = PBXProject;
			attributes = {
				BuildIndependentTargetsInParallel = 1;
				LastSwiftUpdateCheck = 1430;
				LastUpgradeCheck = 1430;
				TargetAttributes = {
					CA4E26B12AC0AB77000480D3 = {
						CreatedOnToolsVersion = 14.3.1;
					};
				};
			};
			buildConfigurationList = CA4E26AD2AC0AB77000480D3 /* Build configuration list for PBXProject "Music" */;
			compatibilityVersion = "Xcode 14.0";
			developmentRegion = en;
			hasScannedForEncodings = 0;
			knownRegions = (
				en,
				Base,
			);
			mainGroup = CA4E26A92AC0AB77000480D3;
			productRefGroup = CA4E26A92AC0AB77000480D3;
			projectDirPath = "";
			projectRoot = "";
			targets = (
				CA4E26B12AC0AB77000480D3 /* Music */,
			);
		};
/* End PBXProject section */

/* Begin PBXResourcesBuildPhase section */
		CA4E26B02AC0AB77000480D3 /* Resources */ = {
			isa = PBXResourcesBuildPhase;
			buildActionMask = 2147483647;
			files = (
				CA4E26C22AC0AB78000480D3 /* LaunchScreen.storyboard in Resources */,
				CA4E26BF2AC0AB78000480D3 /* Assets.xcassets in Resources */,
			);
			runOnlyForDeploymentPostprocessing = 0;
		};
/* End PBXResourcesBuildPhase section */

/* Begin PBXSourcesBuildPhase section */
		CA4E26AE2AC0AB77000480D3 /* Sources */ = {
			isa = PBXSourcesBuildPhase;
			buildActionMask = 2147483647;
			files = (
				40CA63652AC1F92800B8B4DA /* CreateAccountViewController.swift in Sources */,
				40CA63682AC1F97100B8B4DA /* CreateAccountTextField.swift in Sources */,
				CA78AF002AC0CD2A00699F55 /* Button.swift in Sources */,
				40CA635D2AC1E9DB00B8B4DA /* addSubviews.swift in Sources */,
				40CA635C2AC1E9D900B8B4DA /* UIButton.swift in Sources */,
				CA8DA31C2AC0BB630026C4EB /* TextField.swift in Sources */,
				CA78AF052AC0E29000699F55 /* UIStackView+addSubview.swift in Sources */,
				40CA63502AC1DC7C00B8B4DA /* OnboardingViewController.swift in Sources */,
				CA4E26BA2AC0AB77000480D3 /* LoginViewController.swift in Sources */,
				40CA63592AC1E9D300B8B4DA /* UIScrollView.swift in Sources */,
				40CA635A2AC1E9D500B8B4DA /* UIImageView.swift in Sources */,
				40CA63582AC1E9CF00B8B4DA /* NavigationBar.swift in Sources */,
				CA8DA31E2AC0BD2E0026C4EB /* Label.swift in Sources */,
				CA4E26B62AC0AB77000480D3 /* AppDelegate.swift in Sources */,
				40CA635B2AC1E9D700B8B4DA /* UILabel.swift in Sources */,
				CA78AF022AC0DE2300699F55 /* StackView.swift in Sources */,
			);
			runOnlyForDeploymentPostprocessing = 0;
		};
/* End PBXSourcesBuildPhase section */

/* Begin PBXVariantGroup section */
		CA4E26C02AC0AB78000480D3 /* LaunchScreen.storyboard */ = {
			isa = PBXVariantGroup;
			children = (
				CA4E26C12AC0AB78000480D3 /* Base */,
			);
			name = LaunchScreen.storyboard;
			sourceTree = "<group>";
		};
/* End PBXVariantGroup section */

/* Begin XCBuildConfiguration section */
		CA4E26C42AC0AB78000480D3 /* Debug */ = {
			isa = XCBuildConfiguration;
			buildSettings = {
				ALWAYS_SEARCH_USER_PATHS = NO;
				CLANG_ANALYZER_NONNULL = YES;
				CLANG_ANALYZER_NUMBER_OBJECT_CONVERSION = YES_AGGRESSIVE;
				CLANG_CXX_LANGUAGE_STANDARD = "gnu++20";
				CLANG_ENABLE_MODULES = YES;
				CLANG_ENABLE_OBJC_ARC = YES;
				CLANG_ENABLE_OBJC_WEAK = YES;
				CLANG_WARN_BLOCK_CAPTURE_AUTORELEASING = YES;
				CLANG_WARN_BOOL_CONVERSION = YES;
				CLANG_WARN_COMMA = YES;
				CLANG_WARN_CONSTANT_CONVERSION = YES;
				CLANG_WARN_DEPRECATED_OBJC_IMPLEMENTATIONS = YES;
				CLANG_WARN_DIRECT_OBJC_ISA_USAGE = YES_ERROR;
				CLANG_WARN_DOCUMENTATION_COMMENTS = YES;
				CLANG_WARN_EMPTY_BODY = YES;
				CLANG_WARN_ENUM_CONVERSION = YES;
				CLANG_WARN_INFINITE_RECURSION = YES;
				CLANG_WARN_INT_CONVERSION = YES;
				CLANG_WARN_NON_LITERAL_NULL_CONVERSION = YES;
				CLANG_WARN_OBJC_IMPLICIT_RETAIN_SELF = YES;
				CLANG_WARN_OBJC_LITERAL_CONVERSION = YES;
				CLANG_WARN_OBJC_ROOT_CLASS = YES_ERROR;
				CLANG_WARN_QUOTED_INCLUDE_IN_FRAMEWORK_HEADER = YES;
				CLANG_WARN_RANGE_LOOP_ANALYSIS = YES;
				CLANG_WARN_STRICT_PROTOTYPES = YES;
				CLANG_WARN_SUSPICIOUS_MOVE = YES;
				CLANG_WARN_UNGUARDED_AVAILABILITY = YES_AGGRESSIVE;
				CLANG_WARN_UNREACHABLE_CODE = YES;
				CLANG_WARN__DUPLICATE_METHOD_MATCH = YES;
				COPY_PHASE_STRIP = NO;
				DEBUG_INFORMATION_FORMAT = dwarf;
				ENABLE_STRICT_OBJC_MSGSEND = YES;
				ENABLE_TESTABILITY = YES;
				GCC_C_LANGUAGE_STANDARD = gnu11;
				GCC_DYNAMIC_NO_PIC = NO;
				GCC_NO_COMMON_BLOCKS = YES;
				GCC_OPTIMIZATION_LEVEL = 0;
				GCC_PREPROCESSOR_DEFINITIONS = (
					"DEBUG=1",
					"$(inherited)",
				);
				GCC_WARN_64_TO_32_BIT_CONVERSION = YES;
				GCC_WARN_ABOUT_RETURN_TYPE = YES_ERROR;
				GCC_WARN_UNDECLARED_SELECTOR = YES;
				GCC_WARN_UNINITIALIZED_AUTOS = YES_AGGRESSIVE;
				GCC_WARN_UNUSED_FUNCTION = YES;
				GCC_WARN_UNUSED_VARIABLE = YES;
				IPHONEOS_DEPLOYMENT_TARGET = 16.4;
				MTL_ENABLE_DEBUG_INFO = INCLUDE_SOURCE;
				MTL_FAST_MATH = YES;
				ONLY_ACTIVE_ARCH = YES;
				SDKROOT = iphoneos;
				SWIFT_ACTIVE_COMPILATION_CONDITIONS = DEBUG;
				SWIFT_OPTIMIZATION_LEVEL = "-Onone";
			};
			name = Debug;
		};
		CA4E26C52AC0AB78000480D3 /* Release */ = {
			isa = XCBuildConfiguration;
			buildSettings = {
				ALWAYS_SEARCH_USER_PATHS = NO;
				CLANG_ANALYZER_NONNULL = YES;
				CLANG_ANALYZER_NUMBER_OBJECT_CONVERSION = YES_AGGRESSIVE;
				CLANG_CXX_LANGUAGE_STANDARD = "gnu++20";
				CLANG_ENABLE_MODULES = YES;
				CLANG_ENABLE_OBJC_ARC = YES;
				CLANG_ENABLE_OBJC_WEAK = YES;
				CLANG_WARN_BLOCK_CAPTURE_AUTORELEASING = YES;
				CLANG_WARN_BOOL_CONVERSION = YES;
				CLANG_WARN_COMMA = YES;
				CLANG_WARN_CONSTANT_CONVERSION = YES;
				CLANG_WARN_DEPRECATED_OBJC_IMPLEMENTATIONS = YES;
				CLANG_WARN_DIRECT_OBJC_ISA_USAGE = YES_ERROR;
				CLANG_WARN_DOCUMENTATION_COMMENTS = YES;
				CLANG_WARN_EMPTY_BODY = YES;
				CLANG_WARN_ENUM_CONVERSION = YES;
				CLANG_WARN_INFINITE_RECURSION = YES;
				CLANG_WARN_INT_CONVERSION = YES;
				CLANG_WARN_NON_LITERAL_NULL_CONVERSION = YES;
				CLANG_WARN_OBJC_IMPLICIT_RETAIN_SELF = YES;
				CLANG_WARN_OBJC_LITERAL_CONVERSION = YES;
				CLANG_WARN_OBJC_ROOT_CLASS = YES_ERROR;
				CLANG_WARN_QUOTED_INCLUDE_IN_FRAMEWORK_HEADER = YES;
				CLANG_WARN_RANGE_LOOP_ANALYSIS = YES;
				CLANG_WARN_STRICT_PROTOTYPES = YES;
				CLANG_WARN_SUSPICIOUS_MOVE = YES;
				CLANG_WARN_UNGUARDED_AVAILABILITY = YES_AGGRESSIVE;
				CLANG_WARN_UNREACHABLE_CODE = YES;
				CLANG_WARN__DUPLICATE_METHOD_MATCH = YES;
				COPY_PHASE_STRIP = NO;
				DEBUG_INFORMATION_FORMAT = "dwarf-with-dsym";
				ENABLE_NS_ASSERTIONS = NO;
				ENABLE_STRICT_OBJC_MSGSEND = YES;
				GCC_C_LANGUAGE_STANDARD = gnu11;
				GCC_NO_COMMON_BLOCKS = YES;
				GCC_WARN_64_TO_32_BIT_CONVERSION = YES;
				GCC_WARN_ABOUT_RETURN_TYPE = YES_ERROR;
				GCC_WARN_UNDECLARED_SELECTOR = YES;
				GCC_WARN_UNINITIALIZED_AUTOS = YES_AGGRESSIVE;
				GCC_WARN_UNUSED_FUNCTION = YES;
				GCC_WARN_UNUSED_VARIABLE = YES;
				IPHONEOS_DEPLOYMENT_TARGET = 16.4;
				MTL_ENABLE_DEBUG_INFO = NO;
				MTL_FAST_MATH = YES;
				SDKROOT = iphoneos;
				SWIFT_COMPILATION_MODE = wholemodule;
				SWIFT_OPTIMIZATION_LEVEL = "-O";
				VALIDATE_PRODUCT = YES;
			};
			name = Release;
		};
		CA4E26C72AC0AB78000480D3 /* Debug */ = {
			isa = XCBuildConfiguration;
			buildSettings = {
				ASSETCATALOG_COMPILER_APPICON_NAME = AppIcon;
				ASSETCATALOG_COMPILER_GLOBAL_ACCENT_COLOR_NAME = AccentColor;
				CODE_SIGN_STYLE = Automatic;
				CURRENT_PROJECT_VERSION = 1;
				DEVELOPMENT_TEAM = NWG2G9JHN2;
				GENERATE_INFOPLIST_FILE = YES;
				INFOPLIST_FILE = Music/Resources/Info.plist;
				INFOPLIST_KEY_UIApplicationSupportsIndirectInputEvents = YES;
				INFOPLIST_KEY_UILaunchStoryboardName = LaunchScreen;
				INFOPLIST_KEY_UISupportedInterfaceOrientations_iPad = "UIInterfaceOrientationPortrait UIInterfaceOrientationPortraitUpsideDown UIInterfaceOrientationLandscapeLeft UIInterfaceOrientationLandscapeRight";
				INFOPLIST_KEY_UISupportedInterfaceOrientations_iPhone = "UIInterfaceOrientationPortrait UIInterfaceOrientationLandscapeLeft UIInterfaceOrientationLandscapeRight";
				LD_RUNPATH_SEARCH_PATHS = (
					"$(inherited)",
					"@executable_path/Frameworks",
				);
				MARKETING_VERSION = 1.0;
				PRODUCT_BUNDLE_IDENTIFIER = ExPoSeS.Music;
				PRODUCT_NAME = "$(TARGET_NAME)";
				SUPPORTED_PLATFORMS = "iphoneos iphonesimulator";
				SUPPORTS_MACCATALYST = NO;
				SUPPORTS_MAC_DESIGNED_FOR_IPHONE_IPAD = NO;
				SWIFT_EMIT_LOC_STRINGS = YES;
				SWIFT_VERSION = 5.0;
				TARGETED_DEVICE_FAMILY = 1;
			};
			name = Debug;
		};
		CA4E26C82AC0AB78000480D3 /* Release */ = {
			isa = XCBuildConfiguration;
			buildSettings = {
				ASSETCATALOG_COMPILER_APPICON_NAME = AppIcon;
				ASSETCATALOG_COMPILER_GLOBAL_ACCENT_COLOR_NAME = AccentColor;
				CODE_SIGN_STYLE = Automatic;
				CURRENT_PROJECT_VERSION = 1;
				DEVELOPMENT_TEAM = NWG2G9JHN2;
				GENERATE_INFOPLIST_FILE = YES;
				INFOPLIST_FILE = Music/Resources/Info.plist;
				INFOPLIST_KEY_UIApplicationSupportsIndirectInputEvents = YES;
				INFOPLIST_KEY_UILaunchStoryboardName = LaunchScreen;
				INFOPLIST_KEY_UISupportedInterfaceOrientations_iPad = "UIInterfaceOrientationPortrait UIInterfaceOrientationPortraitUpsideDown UIInterfaceOrientationLandscapeLeft UIInterfaceOrientationLandscapeRight";
				INFOPLIST_KEY_UISupportedInterfaceOrientations_iPhone = "UIInterfaceOrientationPortrait UIInterfaceOrientationLandscapeLeft UIInterfaceOrientationLandscapeRight";
				LD_RUNPATH_SEARCH_PATHS = (
					"$(inherited)",
					"@executable_path/Frameworks",
				);
				MARKETING_VERSION = 1.0;
				PRODUCT_BUNDLE_IDENTIFIER = ExPoSeS.Music;
				PRODUCT_NAME = "$(TARGET_NAME)";
				SUPPORTED_PLATFORMS = "iphoneos iphonesimulator";
				SUPPORTS_MACCATALYST = NO;
				SUPPORTS_MAC_DESIGNED_FOR_IPHONE_IPAD = NO;
				SWIFT_EMIT_LOC_STRINGS = YES;
				SWIFT_VERSION = 5.0;
				TARGETED_DEVICE_FAMILY = 1;
			};
			name = Release;
		};
/* End XCBuildConfiguration section */

/* Begin XCConfigurationList section */
		CA4E26AD2AC0AB77000480D3 /* Build configuration list for PBXProject "Music" */ = {
			isa = XCConfigurationList;
			buildConfigurations = (
				CA4E26C42AC0AB78000480D3 /* Debug */,
				CA4E26C52AC0AB78000480D3 /* Release */,
			);
			defaultConfigurationIsVisible = 0;
			defaultConfigurationName = Release;
		};
		CA4E26C62AC0AB78000480D3 /* Build configuration list for PBXNativeTarget "Music" */ = {
			isa = XCConfigurationList;
			buildConfigurations = (
				CA4E26C72AC0AB78000480D3 /* Debug */,
				CA4E26C82AC0AB78000480D3 /* Release */,
			);
			defaultConfigurationIsVisible = 0;
			defaultConfigurationName = Release;
		};
/* End XCConfigurationList section */
	};
	rootObject = CA4E26AA2AC0AB77000480D3 /* Project object */;
}
